
Microsoft Visual Studio Solution File, Format Version 12.00
# Visual Studio Version 16
VisualStudioVersion = 16.0.28729.10
MinimumVisualStudioVersion = 10.0.40219.1
Project("{2150E333-8FDC-42A3-9474-1A3956D46DE8}") = "src", "src", "{8AD2A324-DAB5-4380-94A5-31F7D817C384}"
EndProject
Project("{9A19103F-16F7-4668-BE54-9A1E7A4F7556}") = "Microsoft.Health.Extensions.DependencyInjection", "src\Microsoft.Health.Extensions.DependencyInjection\Microsoft.Health.Extensions.DependencyInjection.csproj", "{E2C2B117-32CD-449F-A4A8-4C8BA874D693}"
EndProject
Project("{9A19103F-16F7-4668-BE54-9A1E7A4F7556}") = "Microsoft.Health.Extensions.DependencyInjection.UnitTests", "src\Microsoft.Health.Extensions.DependencyInjection.UnitTests\Microsoft.Health.Extensions.DependencyInjection.UnitTests.csproj", "{614DE061-52A0-4471-A3F1-50C9C907FFDB}"
EndProject
Project("{2150E333-8FDC-42A3-9474-1A3956D46DE8}") = "tools", "tools", "{B70945F4-01A6-4351-955B-C4A2943B5E3B}"
EndProject
Project("{9A19103F-16F7-4668-BE54-9A1E7A4F7556}") = "Microsoft.Health.Extensions.BuildTimeCodeGenerator", "tools\Microsoft.Health.Extensions.BuildTimeCodeGenerator\Microsoft.Health.Extensions.BuildTimeCodeGenerator.csproj", "{CA276939-8071-4734-9FE4-ADC825B72116}"
EndProject
Project("{2150E333-8FDC-42A3-9474-1A3956D46DE8}") = "Solution Items", "Solution Items", "{404C6C33-DB00-4182-BD90-F10A8B17C321}"
	ProjectSection(SolutionItems) = preProject
		.editorconfig = .editorconfig
		Directory.Build.props = Directory.Build.props
		global.json = global.json
	EndProjectSection
EndProject
Project("{9A19103F-16F7-4668-BE54-9A1E7A4F7556}") = "Microsoft.Health.Abstractions", "src\Microsoft.Health.Abstractions\Microsoft.Health.Abstractions.csproj", "{E0CD7A0A-116D-4612-83BE-0DE036DADDF1}"
EndProject
Project("{9A19103F-16F7-4668-BE54-9A1E7A4F7556}") = "Microsoft.Health.Api", "src\Microsoft.Health.Api\Microsoft.Health.Api.csproj", "{47D87BAA-D779-41A4-BC08-496EA36DC394}"
EndProject
Project("{9A19103F-16F7-4668-BE54-9A1E7A4F7556}") = "Microsoft.Health.Core", "src\Microsoft.Health.Core\Microsoft.Health.Core.csproj", "{F75E1C38-B407-4040-94B0-1AE07C05D6EE}"
EndProject
Project("{9A19103F-16F7-4668-BE54-9A1E7A4F7556}") = "Microsoft.Health.Api.UnitTests", "src\Microsoft.Health.Api.UnitTests\Microsoft.Health.Api.UnitTests.csproj", "{6E6F2E4B-DAF7-46B9-8589-045237AD65CE}"
EndProject
Project("{9A19103F-16F7-4668-BE54-9A1E7A4F7556}") = "Microsoft.Health.Core.UnitTests", "src\Microsoft.Health.Core.UnitTests\Microsoft.Health.Core.UnitTests.csproj", "{3670CFEA-068C-497A-8123-E149820F02DC}"
EndProject
Project("{9A19103F-16F7-4668-BE54-9A1E7A4F7556}") = "Microsoft.Health.SqlServer", "src\Microsoft.Health.SqlServer\Microsoft.Health.SqlServer.csproj", "{CF5D97F8-DE8F-4965-923D-82CA40CC9E49}"
EndProject
Project("{9A19103F-16F7-4668-BE54-9A1E7A4F7556}") = "Microsoft.Health.SqlServer.Api", "src\Microsoft.Health.SqlServer.Api\Microsoft.Health.SqlServer.Api.csproj", "{561B1075-FA22-4D4E-881B-366230423B2D}"
EndProject
Project("{9A19103F-16F7-4668-BE54-9A1E7A4F7556}") = "Microsoft.Health.SqlServer.Api.UnitTests", "src\Microsoft.Health.SqlServer.Api.UnitTests\Microsoft.Health.SqlServer.Api.UnitTests.csproj", "{7650CF08-00B4-419B-8AF9-26E4079F08F2}"
EndProject
Project("{9A19103F-16F7-4668-BE54-9A1E7A4F7556}") = "Microsoft.Health.SqlServer.UnitTests", "src\Microsoft.Health.SqlServer.UnitTests\Microsoft.Health.SqlServer.UnitTests.csproj", "{8FEF74DC-94A5-4E20-9BE2-095941935EC4}"
EndProject
Project("{9A19103F-16F7-4668-BE54-9A1E7A4F7556}") = "Microsoft.Health.SqlServer.Tests.E2E", "test\Microsoft.Health.SqlServer.Tests.E2E\Microsoft.Health.SqlServer.Tests.E2E.csproj", "{C74D5E00-8BE4-4C99-8A59-9D58D255C140}"
EndProject
Project("{2150E333-8FDC-42A3-9474-1A3956D46DE8}") = "test", "test", "{CCD9FF99-E177-446E-B9E5-9F570FD96A34}"
EndProject
Project("{9A19103F-16F7-4668-BE54-9A1E7A4F7556}") = "Microsoft.Health.SqlServer.Web", "test\Microsoft.Health.SqlServer.Web\Microsoft.Health.SqlServer.Web.csproj", "{85781F6A-28D8-4850-A991-51157E5DF46E}"
EndProject
Project("{9A19103F-16F7-4668-BE54-9A1E7A4F7556}") = "Microsoft.Health.Development.IdentityProvider", "src\Microsoft.Health.Development.IdentityProvider\Microsoft.Health.Development.IdentityProvider.csproj", "{8DFE583A-60D6-4014-A95A-01AAE8D35A0E}"
EndProject
Project("{9A19103F-16F7-4668-BE54-9A1E7A4F7556}") = "SchemaManager", "tools\SchemaManager\SchemaManager.csproj", "{4AB4CF95-DAE6-4B64-9DC5-5F0633FABD56}"
EndProject
Project("{9A19103F-16F7-4668-BE54-9A1E7A4F7556}") = "Microsoft.Health.Blob", "src\Microsoft.Health.Blob\Microsoft.Health.Blob.csproj", "{B4F674D7-F073-4E21-ABE2-159C1CD86109}"
EndProject
Project("{9A19103F-16F7-4668-BE54-9A1E7A4F7556}") = "Microsoft.Health.Blob.UnitTests", "src\Microsoft.Health.Blob.UnitTests\Microsoft.Health.Blob.UnitTests.csproj", "{5C155AA9-614E-4419-8778-32A56593233A}"
EndProject
Project("{9A19103F-16F7-4668-BE54-9A1E7A4F7556}") = "Microsoft.Health.Test.Utilities", "test\Microsoft.Health.Test.Common\Microsoft.Health.Test.Utilities.csproj", "{8F95C81A-A429-4ABE-987D-E850DCFC0B69}"
EndProject
Project("{9A19103F-16F7-4668-BE54-9A1E7A4F7556}") = "Microsoft.Health.Test.Utilities.UnitTests", "test\Microsoft.Health.Test.Common.Tests\Microsoft.Health.Test.Utilities.UnitTests.csproj", "{83A62677-D82C-49A6-92E9-0D188C941A02}"
EndProject
Project("{9A19103F-16F7-4668-BE54-9A1E7A4F7556}") = "Microsoft.Health.Client", "src\Microsoft.Health.Client\Microsoft.Health.Client.csproj", "{0EAE32B6-97C9-43C8-ABA5-8C0BAD9ED864}"
EndProject
Project("{9A19103F-16F7-4668-BE54-9A1E7A4F7556}") = "Microsoft.Health.Client.UnitTests", "src\Microsoft.Health.Client.UnitTests\Microsoft.Health.Client.UnitTests.csproj", "{D4DD763B-5246-47F4-A618-211AA820B65E}"
EndProject
Project("{9A19103F-16F7-4668-BE54-9A1E7A4F7556}") = "SchemaManager.Core", "tools\SchemaManager.Core\SchemaManager.Core.csproj", "{72816760-BDE2-4CAF-AF41-F7BEE8E26158}"
EndProject
Project("{9A19103F-16F7-4668-BE54-9A1E7A4F7556}") = "SchemaManager.Core.UnitTests", "test\SchemaManager.Core.UnitTests\SchemaManager.Core.UnitTests.csproj", "{0BEB2EE3-DBC3-4DC4-BB01-141DBFFED8D2}"
EndProject
Project("{9A19103F-16F7-4668-BE54-9A1E7A4F7556}") = "Microsoft.Health.SqlServer.Tests.Integration", "test\Microsoft.Health.SqlServer.Tests.Integration\Microsoft.Health.SqlServer.Tests.Integration.csproj", "{5429C3A8-3429-43EA-BA05-E347CB4D1F61}"
EndProject
Project("{9A19103F-16F7-4668-BE54-9A1E7A4F7556}") = "Microsoft.Health.Checkpoints", "src\Microsoft.Health.Checkpoints\Microsoft.Health.Checkpoints.csproj", "{6D06503C-E79B-4F05-AFE1-C25386220895}"
EndProject
Project("{9A19103F-16F7-4668-BE54-9A1E7A4F7556}") = "Microsoft.Health.EventGrid", "src\Microsoft.Health.EventGrid\Microsoft.Health.EventGrid.csproj", "{E8129D0B-4FBD-40B9-BCF3-A42D7B0871F3}"
EndProject
Project("{9A19103F-16F7-4668-BE54-9A1E7A4F7556}") = "Microsoft.Health.EventGrid.UnitTests", "src\Microsoft.Health.EventGrid.UnitTests\Microsoft.Health.EventGrid.UnitTests.csproj", "{846969F7-A5CA-44B5-A6EC-3BEC2B49316C}"
EndProject
Project("{9A19103F-16F7-4668-BE54-9A1E7A4F7556}") = "Microsoft.Health.Tools.Sql.Tasks.Tests", "tools\Microsoft.Health.Tools.Sql.Tasks.Tests\Microsoft.Health.Tools.Sql.Tasks.Tests.csproj", "{664DB736-7EF8-4DCA-9EB7-7AB1CF515BF7}"
EndProject
Project("{9A19103F-16F7-4668-BE54-9A1E7A4F7556}") = "Microsoft.Health.Tools.Sql.Tasks", "tools\Microsoft.Health.Tools.Sql.Tasks\Microsoft.Health.Tools.Sql.Tasks.csproj", "{616C8BE1-11E6-4C40-A8D6-499BC14F7EAC}"
EndProject
Global
	GlobalSection(SolutionConfigurationPlatforms) = preSolution
		Debug|Any CPU = Debug|Any CPU
		Debug|x64 = Debug|x64
		Release|Any CPU = Release|Any CPU
		Release|x64 = Release|x64
	EndGlobalSection
	GlobalSection(ProjectConfigurationPlatforms) = postSolution
		{E2C2B117-32CD-449F-A4A8-4C8BA874D693}.Debug|Any CPU.ActiveCfg = Debug|Any CPU
		{E2C2B117-32CD-449F-A4A8-4C8BA874D693}.Debug|Any CPU.Build.0 = Debug|Any CPU
		{E2C2B117-32CD-449F-A4A8-4C8BA874D693}.Debug|x64.ActiveCfg = Debug|Any CPU
		{E2C2B117-32CD-449F-A4A8-4C8BA874D693}.Debug|x64.Build.0 = Debug|Any CPU
		{E2C2B117-32CD-449F-A4A8-4C8BA874D693}.Release|Any CPU.ActiveCfg = Release|Any CPU
		{E2C2B117-32CD-449F-A4A8-4C8BA874D693}.Release|Any CPU.Build.0 = Release|Any CPU
		{E2C2B117-32CD-449F-A4A8-4C8BA874D693}.Release|x64.ActiveCfg = Release|Any CPU
		{E2C2B117-32CD-449F-A4A8-4C8BA874D693}.Release|x64.Build.0 = Release|Any CPU
		{614DE061-52A0-4471-A3F1-50C9C907FFDB}.Debug|Any CPU.ActiveCfg = Debug|Any CPU
		{614DE061-52A0-4471-A3F1-50C9C907FFDB}.Debug|Any CPU.Build.0 = Debug|Any CPU
		{614DE061-52A0-4471-A3F1-50C9C907FFDB}.Debug|x64.ActiveCfg = Debug|Any CPU
		{614DE061-52A0-4471-A3F1-50C9C907FFDB}.Debug|x64.Build.0 = Debug|Any CPU
		{614DE061-52A0-4471-A3F1-50C9C907FFDB}.Release|Any CPU.ActiveCfg = Release|Any CPU
		{614DE061-52A0-4471-A3F1-50C9C907FFDB}.Release|Any CPU.Build.0 = Release|Any CPU
		{614DE061-52A0-4471-A3F1-50C9C907FFDB}.Release|x64.ActiveCfg = Release|Any CPU
		{614DE061-52A0-4471-A3F1-50C9C907FFDB}.Release|x64.Build.0 = Release|Any CPU
		{CA276939-8071-4734-9FE4-ADC825B72116}.Debug|Any CPU.ActiveCfg = Debug|Any CPU
		{CA276939-8071-4734-9FE4-ADC825B72116}.Debug|Any CPU.Build.0 = Debug|Any CPU
		{CA276939-8071-4734-9FE4-ADC825B72116}.Debug|x64.ActiveCfg = Debug|Any CPU
		{CA276939-8071-4734-9FE4-ADC825B72116}.Debug|x64.Build.0 = Debug|Any CPU
		{CA276939-8071-4734-9FE4-ADC825B72116}.Release|Any CPU.ActiveCfg = Release|Any CPU
		{CA276939-8071-4734-9FE4-ADC825B72116}.Release|Any CPU.Build.0 = Release|Any CPU
		{CA276939-8071-4734-9FE4-ADC825B72116}.Release|x64.ActiveCfg = Release|Any CPU
		{CA276939-8071-4734-9FE4-ADC825B72116}.Release|x64.Build.0 = Release|Any CPU
		{E0CD7A0A-116D-4612-83BE-0DE036DADDF1}.Debug|Any CPU.ActiveCfg = Debug|Any CPU
		{E0CD7A0A-116D-4612-83BE-0DE036DADDF1}.Debug|Any CPU.Build.0 = Debug|Any CPU
		{E0CD7A0A-116D-4612-83BE-0DE036DADDF1}.Debug|x64.ActiveCfg = Debug|Any CPU
		{E0CD7A0A-116D-4612-83BE-0DE036DADDF1}.Debug|x64.Build.0 = Debug|Any CPU
		{E0CD7A0A-116D-4612-83BE-0DE036DADDF1}.Release|Any CPU.ActiveCfg = Release|Any CPU
		{E0CD7A0A-116D-4612-83BE-0DE036DADDF1}.Release|Any CPU.Build.0 = Release|Any CPU
		{E0CD7A0A-116D-4612-83BE-0DE036DADDF1}.Release|x64.ActiveCfg = Release|Any CPU
		{E0CD7A0A-116D-4612-83BE-0DE036DADDF1}.Release|x64.Build.0 = Release|Any CPU
		{47D87BAA-D779-41A4-BC08-496EA36DC394}.Debug|Any CPU.ActiveCfg = Debug|Any CPU
		{47D87BAA-D779-41A4-BC08-496EA36DC394}.Debug|Any CPU.Build.0 = Debug|Any CPU
		{47D87BAA-D779-41A4-BC08-496EA36DC394}.Debug|x64.ActiveCfg = Debug|Any CPU
		{47D87BAA-D779-41A4-BC08-496EA36DC394}.Debug|x64.Build.0 = Debug|Any CPU
		{47D87BAA-D779-41A4-BC08-496EA36DC394}.Release|Any CPU.ActiveCfg = Release|Any CPU
		{47D87BAA-D779-41A4-BC08-496EA36DC394}.Release|Any CPU.Build.0 = Release|Any CPU
		{47D87BAA-D779-41A4-BC08-496EA36DC394}.Release|x64.ActiveCfg = Release|Any CPU
		{47D87BAA-D779-41A4-BC08-496EA36DC394}.Release|x64.Build.0 = Release|Any CPU
		{F75E1C38-B407-4040-94B0-1AE07C05D6EE}.Debug|Any CPU.ActiveCfg = Debug|Any CPU
		{F75E1C38-B407-4040-94B0-1AE07C05D6EE}.Debug|Any CPU.Build.0 = Debug|Any CPU
		{F75E1C38-B407-4040-94B0-1AE07C05D6EE}.Debug|x64.ActiveCfg = Debug|Any CPU
		{F75E1C38-B407-4040-94B0-1AE07C05D6EE}.Debug|x64.Build.0 = Debug|Any CPU
		{F75E1C38-B407-4040-94B0-1AE07C05D6EE}.Release|Any CPU.ActiveCfg = Release|Any CPU
		{F75E1C38-B407-4040-94B0-1AE07C05D6EE}.Release|Any CPU.Build.0 = Release|Any CPU
		{F75E1C38-B407-4040-94B0-1AE07C05D6EE}.Release|x64.ActiveCfg = Release|Any CPU
		{F75E1C38-B407-4040-94B0-1AE07C05D6EE}.Release|x64.Build.0 = Release|Any CPU
		{6E6F2E4B-DAF7-46B9-8589-045237AD65CE}.Debug|Any CPU.ActiveCfg = Debug|Any CPU
		{6E6F2E4B-DAF7-46B9-8589-045237AD65CE}.Debug|Any CPU.Build.0 = Debug|Any CPU
		{6E6F2E4B-DAF7-46B9-8589-045237AD65CE}.Debug|x64.ActiveCfg = Debug|Any CPU
		{6E6F2E4B-DAF7-46B9-8589-045237AD65CE}.Debug|x64.Build.0 = Debug|Any CPU
		{6E6F2E4B-DAF7-46B9-8589-045237AD65CE}.Release|Any CPU.ActiveCfg = Release|Any CPU
		{6E6F2E4B-DAF7-46B9-8589-045237AD65CE}.Release|Any CPU.Build.0 = Release|Any CPU
		{6E6F2E4B-DAF7-46B9-8589-045237AD65CE}.Release|x64.ActiveCfg = Release|Any CPU
		{6E6F2E4B-DAF7-46B9-8589-045237AD65CE}.Release|x64.Build.0 = Release|Any CPU
		{3670CFEA-068C-497A-8123-E149820F02DC}.Debug|Any CPU.ActiveCfg = Debug|Any CPU
		{3670CFEA-068C-497A-8123-E149820F02DC}.Debug|Any CPU.Build.0 = Debug|Any CPU
		{3670CFEA-068C-497A-8123-E149820F02DC}.Debug|x64.ActiveCfg = Debug|Any CPU
		{3670CFEA-068C-497A-8123-E149820F02DC}.Debug|x64.Build.0 = Debug|Any CPU
		{3670CFEA-068C-497A-8123-E149820F02DC}.Release|Any CPU.ActiveCfg = Release|Any CPU
		{3670CFEA-068C-497A-8123-E149820F02DC}.Release|Any CPU.Build.0 = Release|Any CPU
		{3670CFEA-068C-497A-8123-E149820F02DC}.Release|x64.ActiveCfg = Release|Any CPU
		{3670CFEA-068C-497A-8123-E149820F02DC}.Release|x64.Build.0 = Release|Any CPU
		{CF5D97F8-DE8F-4965-923D-82CA40CC9E49}.Debug|Any CPU.ActiveCfg = Debug|Any CPU
		{CF5D97F8-DE8F-4965-923D-82CA40CC9E49}.Debug|Any CPU.Build.0 = Debug|Any CPU
		{CF5D97F8-DE8F-4965-923D-82CA40CC9E49}.Debug|x64.ActiveCfg = Debug|Any CPU
		{CF5D97F8-DE8F-4965-923D-82CA40CC9E49}.Debug|x64.Build.0 = Debug|Any CPU
		{CF5D97F8-DE8F-4965-923D-82CA40CC9E49}.Release|Any CPU.ActiveCfg = Release|Any CPU
		{CF5D97F8-DE8F-4965-923D-82CA40CC9E49}.Release|Any CPU.Build.0 = Release|Any CPU
		{CF5D97F8-DE8F-4965-923D-82CA40CC9E49}.Release|x64.ActiveCfg = Release|Any CPU
		{CF5D97F8-DE8F-4965-923D-82CA40CC9E49}.Release|x64.Build.0 = Release|Any CPU
		{561B1075-FA22-4D4E-881B-366230423B2D}.Debug|Any CPU.ActiveCfg = Debug|Any CPU
		{561B1075-FA22-4D4E-881B-366230423B2D}.Debug|Any CPU.Build.0 = Debug|Any CPU
		{561B1075-FA22-4D4E-881B-366230423B2D}.Debug|x64.ActiveCfg = Debug|Any CPU
		{561B1075-FA22-4D4E-881B-366230423B2D}.Debug|x64.Build.0 = Debug|Any CPU
		{561B1075-FA22-4D4E-881B-366230423B2D}.Release|Any CPU.ActiveCfg = Release|Any CPU
		{561B1075-FA22-4D4E-881B-366230423B2D}.Release|Any CPU.Build.0 = Release|Any CPU
		{561B1075-FA22-4D4E-881B-366230423B2D}.Release|x64.ActiveCfg = Release|Any CPU
		{561B1075-FA22-4D4E-881B-366230423B2D}.Release|x64.Build.0 = Release|Any CPU
		{7650CF08-00B4-419B-8AF9-26E4079F08F2}.Debug|Any CPU.ActiveCfg = Debug|Any CPU
		{7650CF08-00B4-419B-8AF9-26E4079F08F2}.Debug|Any CPU.Build.0 = Debug|Any CPU
		{7650CF08-00B4-419B-8AF9-26E4079F08F2}.Debug|x64.ActiveCfg = Debug|Any CPU
		{7650CF08-00B4-419B-8AF9-26E4079F08F2}.Debug|x64.Build.0 = Debug|Any CPU
		{7650CF08-00B4-419B-8AF9-26E4079F08F2}.Release|Any CPU.ActiveCfg = Release|Any CPU
		{7650CF08-00B4-419B-8AF9-26E4079F08F2}.Release|Any CPU.Build.0 = Release|Any CPU
		{7650CF08-00B4-419B-8AF9-26E4079F08F2}.Release|x64.ActiveCfg = Release|Any CPU
		{7650CF08-00B4-419B-8AF9-26E4079F08F2}.Release|x64.Build.0 = Release|Any CPU
		{8FEF74DC-94A5-4E20-9BE2-095941935EC4}.Debug|Any CPU.ActiveCfg = Debug|Any CPU
		{8FEF74DC-94A5-4E20-9BE2-095941935EC4}.Debug|Any CPU.Build.0 = Debug|Any CPU
		{8FEF74DC-94A5-4E20-9BE2-095941935EC4}.Debug|x64.ActiveCfg = Debug|Any CPU
		{8FEF74DC-94A5-4E20-9BE2-095941935EC4}.Debug|x64.Build.0 = Debug|Any CPU
		{8FEF74DC-94A5-4E20-9BE2-095941935EC4}.Release|Any CPU.ActiveCfg = Release|Any CPU
		{8FEF74DC-94A5-4E20-9BE2-095941935EC4}.Release|Any CPU.Build.0 = Release|Any CPU
		{8FEF74DC-94A5-4E20-9BE2-095941935EC4}.Release|x64.ActiveCfg = Release|Any CPU
		{8FEF74DC-94A5-4E20-9BE2-095941935EC4}.Release|x64.Build.0 = Release|Any CPU
		{C74D5E00-8BE4-4C99-8A59-9D58D255C140}.Debug|Any CPU.ActiveCfg = Debug|Any CPU
		{C74D5E00-8BE4-4C99-8A59-9D58D255C140}.Debug|Any CPU.Build.0 = Debug|Any CPU
		{C74D5E00-8BE4-4C99-8A59-9D58D255C140}.Debug|x64.ActiveCfg = Debug|Any CPU
		{C74D5E00-8BE4-4C99-8A59-9D58D255C140}.Debug|x64.Build.0 = Debug|Any CPU
		{C74D5E00-8BE4-4C99-8A59-9D58D255C140}.Release|Any CPU.ActiveCfg = Release|Any CPU
		{C74D5E00-8BE4-4C99-8A59-9D58D255C140}.Release|Any CPU.Build.0 = Release|Any CPU
		{C74D5E00-8BE4-4C99-8A59-9D58D255C140}.Release|x64.ActiveCfg = Release|Any CPU
		{C74D5E00-8BE4-4C99-8A59-9D58D255C140}.Release|x64.Build.0 = Release|Any CPU
		{85781F6A-28D8-4850-A991-51157E5DF46E}.Debug|Any CPU.ActiveCfg = Debug|Any CPU
		{85781F6A-28D8-4850-A991-51157E5DF46E}.Debug|Any CPU.Build.0 = Debug|Any CPU
		{85781F6A-28D8-4850-A991-51157E5DF46E}.Debug|x64.ActiveCfg = Debug|Any CPU
		{85781F6A-28D8-4850-A991-51157E5DF46E}.Debug|x64.Build.0 = Debug|Any CPU
		{85781F6A-28D8-4850-A991-51157E5DF46E}.Release|Any CPU.ActiveCfg = Release|Any CPU
		{85781F6A-28D8-4850-A991-51157E5DF46E}.Release|Any CPU.Build.0 = Release|Any CPU
		{85781F6A-28D8-4850-A991-51157E5DF46E}.Release|x64.ActiveCfg = Release|Any CPU
		{85781F6A-28D8-4850-A991-51157E5DF46E}.Release|x64.Build.0 = Release|Any CPU
		{8DFE583A-60D6-4014-A95A-01AAE8D35A0E}.Debug|Any CPU.ActiveCfg = Debug|Any CPU
		{8DFE583A-60D6-4014-A95A-01AAE8D35A0E}.Debug|Any CPU.Build.0 = Debug|Any CPU
		{8DFE583A-60D6-4014-A95A-01AAE8D35A0E}.Debug|x64.ActiveCfg = Debug|Any CPU
		{8DFE583A-60D6-4014-A95A-01AAE8D35A0E}.Debug|x64.Build.0 = Debug|Any CPU
		{8DFE583A-60D6-4014-A95A-01AAE8D35A0E}.Release|Any CPU.ActiveCfg = Release|Any CPU
		{8DFE583A-60D6-4014-A95A-01AAE8D35A0E}.Release|Any CPU.Build.0 = Release|Any CPU
		{8DFE583A-60D6-4014-A95A-01AAE8D35A0E}.Release|x64.ActiveCfg = Release|Any CPU
		{8DFE583A-60D6-4014-A95A-01AAE8D35A0E}.Release|x64.Build.0 = Release|Any CPU
		{4AB4CF95-DAE6-4B64-9DC5-5F0633FABD56}.Debug|Any CPU.ActiveCfg = Debug|Any CPU
		{4AB4CF95-DAE6-4B64-9DC5-5F0633FABD56}.Debug|Any CPU.Build.0 = Debug|Any CPU
		{4AB4CF95-DAE6-4B64-9DC5-5F0633FABD56}.Debug|x64.ActiveCfg = Debug|Any CPU
		{4AB4CF95-DAE6-4B64-9DC5-5F0633FABD56}.Debug|x64.Build.0 = Debug|Any CPU
		{4AB4CF95-DAE6-4B64-9DC5-5F0633FABD56}.Release|Any CPU.ActiveCfg = Release|Any CPU
		{4AB4CF95-DAE6-4B64-9DC5-5F0633FABD56}.Release|Any CPU.Build.0 = Release|Any CPU
		{4AB4CF95-DAE6-4B64-9DC5-5F0633FABD56}.Release|x64.ActiveCfg = Release|Any CPU
		{4AB4CF95-DAE6-4B64-9DC5-5F0633FABD56}.Release|x64.Build.0 = Release|Any CPU
		{B4F674D7-F073-4E21-ABE2-159C1CD86109}.Debug|Any CPU.ActiveCfg = Debug|Any CPU
		{B4F674D7-F073-4E21-ABE2-159C1CD86109}.Debug|Any CPU.Build.0 = Debug|Any CPU
		{B4F674D7-F073-4E21-ABE2-159C1CD86109}.Debug|x64.ActiveCfg = Debug|Any CPU
		{B4F674D7-F073-4E21-ABE2-159C1CD86109}.Debug|x64.Build.0 = Debug|Any CPU
		{B4F674D7-F073-4E21-ABE2-159C1CD86109}.Release|Any CPU.ActiveCfg = Release|Any CPU
		{B4F674D7-F073-4E21-ABE2-159C1CD86109}.Release|Any CPU.Build.0 = Release|Any CPU
		{B4F674D7-F073-4E21-ABE2-159C1CD86109}.Release|x64.ActiveCfg = Release|Any CPU
		{B4F674D7-F073-4E21-ABE2-159C1CD86109}.Release|x64.Build.0 = Release|Any CPU
		{5C155AA9-614E-4419-8778-32A56593233A}.Debug|Any CPU.ActiveCfg = Debug|Any CPU
		{5C155AA9-614E-4419-8778-32A56593233A}.Debug|Any CPU.Build.0 = Debug|Any CPU
		{5C155AA9-614E-4419-8778-32A56593233A}.Debug|x64.ActiveCfg = Debug|Any CPU
		{5C155AA9-614E-4419-8778-32A56593233A}.Debug|x64.Build.0 = Debug|Any CPU
		{5C155AA9-614E-4419-8778-32A56593233A}.Release|Any CPU.ActiveCfg = Release|Any CPU
		{5C155AA9-614E-4419-8778-32A56593233A}.Release|Any CPU.Build.0 = Release|Any CPU
		{5C155AA9-614E-4419-8778-32A56593233A}.Release|x64.ActiveCfg = Release|Any CPU
		{5C155AA9-614E-4419-8778-32A56593233A}.Release|x64.Build.0 = Release|Any CPU
		{8F95C81A-A429-4ABE-987D-E850DCFC0B69}.Debug|Any CPU.ActiveCfg = Debug|Any CPU
		{8F95C81A-A429-4ABE-987D-E850DCFC0B69}.Debug|Any CPU.Build.0 = Debug|Any CPU
		{8F95C81A-A429-4ABE-987D-E850DCFC0B69}.Debug|x64.ActiveCfg = Debug|Any CPU
		{8F95C81A-A429-4ABE-987D-E850DCFC0B69}.Debug|x64.Build.0 = Debug|Any CPU
		{8F95C81A-A429-4ABE-987D-E850DCFC0B69}.Release|Any CPU.ActiveCfg = Release|Any CPU
		{8F95C81A-A429-4ABE-987D-E850DCFC0B69}.Release|Any CPU.Build.0 = Release|Any CPU
		{8F95C81A-A429-4ABE-987D-E850DCFC0B69}.Release|x64.ActiveCfg = Release|Any CPU
		{8F95C81A-A429-4ABE-987D-E850DCFC0B69}.Release|x64.Build.0 = Release|Any CPU
		{83A62677-D82C-49A6-92E9-0D188C941A02}.Debug|Any CPU.ActiveCfg = Debug|Any CPU
		{83A62677-D82C-49A6-92E9-0D188C941A02}.Debug|Any CPU.Build.0 = Debug|Any CPU
		{83A62677-D82C-49A6-92E9-0D188C941A02}.Debug|x64.ActiveCfg = Debug|Any CPU
		{83A62677-D82C-49A6-92E9-0D188C941A02}.Debug|x64.Build.0 = Debug|Any CPU
		{83A62677-D82C-49A6-92E9-0D188C941A02}.Release|Any CPU.ActiveCfg = Release|Any CPU
		{83A62677-D82C-49A6-92E9-0D188C941A02}.Release|Any CPU.Build.0 = Release|Any CPU
		{83A62677-D82C-49A6-92E9-0D188C941A02}.Release|x64.ActiveCfg = Release|Any CPU
		{83A62677-D82C-49A6-92E9-0D188C941A02}.Release|x64.Build.0 = Release|Any CPU
		{0EAE32B6-97C9-43C8-ABA5-8C0BAD9ED864}.Debug|Any CPU.ActiveCfg = Debug|Any CPU
		{0EAE32B6-97C9-43C8-ABA5-8C0BAD9ED864}.Debug|Any CPU.Build.0 = Debug|Any CPU
		{0EAE32B6-97C9-43C8-ABA5-8C0BAD9ED864}.Debug|x64.ActiveCfg = Debug|Any CPU
		{0EAE32B6-97C9-43C8-ABA5-8C0BAD9ED864}.Debug|x64.Build.0 = Debug|Any CPU
		{0EAE32B6-97C9-43C8-ABA5-8C0BAD9ED864}.Release|Any CPU.ActiveCfg = Release|Any CPU
		{0EAE32B6-97C9-43C8-ABA5-8C0BAD9ED864}.Release|Any CPU.Build.0 = Release|Any CPU
		{0EAE32B6-97C9-43C8-ABA5-8C0BAD9ED864}.Release|x64.ActiveCfg = Release|Any CPU
		{0EAE32B6-97C9-43C8-ABA5-8C0BAD9ED864}.Release|x64.Build.0 = Release|Any CPU
		{D4DD763B-5246-47F4-A618-211AA820B65E}.Debug|Any CPU.ActiveCfg = Debug|Any CPU
		{D4DD763B-5246-47F4-A618-211AA820B65E}.Debug|Any CPU.Build.0 = Debug|Any CPU
		{D4DD763B-5246-47F4-A618-211AA820B65E}.Debug|x64.ActiveCfg = Debug|Any CPU
		{D4DD763B-5246-47F4-A618-211AA820B65E}.Debug|x64.Build.0 = Debug|Any CPU
		{D4DD763B-5246-47F4-A618-211AA820B65E}.Release|Any CPU.ActiveCfg = Release|Any CPU
		{D4DD763B-5246-47F4-A618-211AA820B65E}.Release|Any CPU.Build.0 = Release|Any CPU
		{D4DD763B-5246-47F4-A618-211AA820B65E}.Release|x64.ActiveCfg = Release|Any CPU
		{D4DD763B-5246-47F4-A618-211AA820B65E}.Release|x64.Build.0 = Release|Any CPU
		{72816760-BDE2-4CAF-AF41-F7BEE8E26158}.Debug|Any CPU.ActiveCfg = Debug|Any CPU
		{72816760-BDE2-4CAF-AF41-F7BEE8E26158}.Debug|Any CPU.Build.0 = Debug|Any CPU
		{72816760-BDE2-4CAF-AF41-F7BEE8E26158}.Debug|x64.ActiveCfg = Debug|Any CPU
		{72816760-BDE2-4CAF-AF41-F7BEE8E26158}.Debug|x64.Build.0 = Debug|Any CPU
		{72816760-BDE2-4CAF-AF41-F7BEE8E26158}.Release|Any CPU.ActiveCfg = Release|Any CPU
		{72816760-BDE2-4CAF-AF41-F7BEE8E26158}.Release|Any CPU.Build.0 = Release|Any CPU
		{72816760-BDE2-4CAF-AF41-F7BEE8E26158}.Release|x64.ActiveCfg = Release|Any CPU
		{72816760-BDE2-4CAF-AF41-F7BEE8E26158}.Release|x64.Build.0 = Release|Any CPU
		{0BEB2EE3-DBC3-4DC4-BB01-141DBFFED8D2}.Debug|Any CPU.ActiveCfg = Debug|Any CPU
		{0BEB2EE3-DBC3-4DC4-BB01-141DBFFED8D2}.Debug|Any CPU.Build.0 = Debug|Any CPU
		{0BEB2EE3-DBC3-4DC4-BB01-141DBFFED8D2}.Debug|x64.ActiveCfg = Debug|Any CPU
		{0BEB2EE3-DBC3-4DC4-BB01-141DBFFED8D2}.Debug|x64.Build.0 = Debug|Any CPU
		{0BEB2EE3-DBC3-4DC4-BB01-141DBFFED8D2}.Release|Any CPU.ActiveCfg = Release|Any CPU
		{0BEB2EE3-DBC3-4DC4-BB01-141DBFFED8D2}.Release|Any CPU.Build.0 = Release|Any CPU
		{0BEB2EE3-DBC3-4DC4-BB01-141DBFFED8D2}.Release|x64.ActiveCfg = Release|Any CPU
		{0BEB2EE3-DBC3-4DC4-BB01-141DBFFED8D2}.Release|x64.Build.0 = Release|Any CPU
		{5429C3A8-3429-43EA-BA05-E347CB4D1F61}.Debug|Any CPU.ActiveCfg = Debug|Any CPU
		{5429C3A8-3429-43EA-BA05-E347CB4D1F61}.Debug|Any CPU.Build.0 = Debug|Any CPU
		{5429C3A8-3429-43EA-BA05-E347CB4D1F61}.Debug|x64.ActiveCfg = Debug|Any CPU
		{5429C3A8-3429-43EA-BA05-E347CB4D1F61}.Debug|x64.Build.0 = Debug|Any CPU
		{5429C3A8-3429-43EA-BA05-E347CB4D1F61}.Release|Any CPU.ActiveCfg = Release|Any CPU
		{5429C3A8-3429-43EA-BA05-E347CB4D1F61}.Release|Any CPU.Build.0 = Release|Any CPU
		{5429C3A8-3429-43EA-BA05-E347CB4D1F61}.Release|x64.ActiveCfg = Release|Any CPU
		{5429C3A8-3429-43EA-BA05-E347CB4D1F61}.Release|x64.Build.0 = Release|Any CPU
		{6D06503C-E79B-4F05-AFE1-C25386220895}.Debug|Any CPU.ActiveCfg = Debug|Any CPU
		{6D06503C-E79B-4F05-AFE1-C25386220895}.Debug|Any CPU.Build.0 = Debug|Any CPU
		{6D06503C-E79B-4F05-AFE1-C25386220895}.Debug|x64.ActiveCfg = Debug|Any CPU
		{6D06503C-E79B-4F05-AFE1-C25386220895}.Debug|x64.Build.0 = Debug|Any CPU
		{6D06503C-E79B-4F05-AFE1-C25386220895}.Release|Any CPU.ActiveCfg = Release|Any CPU
		{6D06503C-E79B-4F05-AFE1-C25386220895}.Release|Any CPU.Build.0 = Release|Any CPU
		{6D06503C-E79B-4F05-AFE1-C25386220895}.Release|x64.ActiveCfg = Release|Any CPU
		{6D06503C-E79B-4F05-AFE1-C25386220895}.Release|x64.Build.0 = Release|Any CPU
		{E8129D0B-4FBD-40B9-BCF3-A42D7B0871F3}.Debug|Any CPU.ActiveCfg = Debug|Any CPU
		{E8129D0B-4FBD-40B9-BCF3-A42D7B0871F3}.Debug|Any CPU.Build.0 = Debug|Any CPU
		{E8129D0B-4FBD-40B9-BCF3-A42D7B0871F3}.Debug|x64.ActiveCfg = Debug|Any CPU
		{E8129D0B-4FBD-40B9-BCF3-A42D7B0871F3}.Debug|x64.Build.0 = Debug|Any CPU
		{E8129D0B-4FBD-40B9-BCF3-A42D7B0871F3}.Release|Any CPU.ActiveCfg = Release|Any CPU
		{E8129D0B-4FBD-40B9-BCF3-A42D7B0871F3}.Release|Any CPU.Build.0 = Release|Any CPU
		{E8129D0B-4FBD-40B9-BCF3-A42D7B0871F3}.Release|x64.ActiveCfg = Release|Any CPU
		{E8129D0B-4FBD-40B9-BCF3-A42D7B0871F3}.Release|x64.Build.0 = Release|Any CPU
		{846969F7-A5CA-44B5-A6EC-3BEC2B49316C}.Debug|Any CPU.ActiveCfg = Debug|Any CPU
		{846969F7-A5CA-44B5-A6EC-3BEC2B49316C}.Debug|Any CPU.Build.0 = Debug|Any CPU
		{846969F7-A5CA-44B5-A6EC-3BEC2B49316C}.Debug|x64.ActiveCfg = Debug|Any CPU
		{846969F7-A5CA-44B5-A6EC-3BEC2B49316C}.Debug|x64.Build.0 = Debug|Any CPU
		{846969F7-A5CA-44B5-A6EC-3BEC2B49316C}.Release|Any CPU.ActiveCfg = Release|Any CPU
		{846969F7-A5CA-44B5-A6EC-3BEC2B49316C}.Release|Any CPU.Build.0 = Release|Any CPU
		{846969F7-A5CA-44B5-A6EC-3BEC2B49316C}.Release|x64.ActiveCfg = Release|Any CPU
		{846969F7-A5CA-44B5-A6EC-3BEC2B49316C}.Release|x64.Build.0 = Release|Any CPU
		{664DB736-7EF8-4DCA-9EB7-7AB1CF515BF7}.Debug|Any CPU.ActiveCfg = Debug|Any CPU
		{664DB736-7EF8-4DCA-9EB7-7AB1CF515BF7}.Debug|Any CPU.Build.0 = Debug|Any CPU
		{664DB736-7EF8-4DCA-9EB7-7AB1CF515BF7}.Debug|x64.ActiveCfg = Debug|x64
		{664DB736-7EF8-4DCA-9EB7-7AB1CF515BF7}.Debug|x64.Build.0 = Debug|x64
		{664DB736-7EF8-4DCA-9EB7-7AB1CF515BF7}.Release|Any CPU.ActiveCfg = Release|Any CPU
		{664DB736-7EF8-4DCA-9EB7-7AB1CF515BF7}.Release|Any CPU.Build.0 = Release|Any CPU
		{664DB736-7EF8-4DCA-9EB7-7AB1CF515BF7}.Release|x64.ActiveCfg = Release|x64
		{664DB736-7EF8-4DCA-9EB7-7AB1CF515BF7}.Release|x64.Build.0 = Release|x64
		{616C8BE1-11E6-4C40-A8D6-499BC14F7EAC}.Debug|Any CPU.ActiveCfg = Debug|Any CPU
		{616C8BE1-11E6-4C40-A8D6-499BC14F7EAC}.Debug|Any CPU.Build.0 = Debug|Any CPU
		{616C8BE1-11E6-4C40-A8D6-499BC14F7EAC}.Debug|x64.ActiveCfg = Debug|x64
		{616C8BE1-11E6-4C40-A8D6-499BC14F7EAC}.Debug|x64.Build.0 = Debug|x64
		{616C8BE1-11E6-4C40-A8D6-499BC14F7EAC}.Release|Any CPU.ActiveCfg = Release|Any CPU
		{616C8BE1-11E6-4C40-A8D6-499BC14F7EAC}.Release|Any CPU.Build.0 = Release|Any CPU
		{616C8BE1-11E6-4C40-A8D6-499BC14F7EAC}.Release|x64.ActiveCfg = Release|x64
		{616C8BE1-11E6-4C40-A8D6-499BC14F7EAC}.Release|x64.Build.0 = Release|x64
	EndGlobalSection
	GlobalSection(SolutionProperties) = preSolution
		HideSolutionNode = FALSE
	EndGlobalSection
	GlobalSection(NestedProjects) = preSolution
		{E2C2B117-32CD-449F-A4A8-4C8BA874D693} = {8AD2A324-DAB5-4380-94A5-31F7D817C384}
		{614DE061-52A0-4471-A3F1-50C9C907FFDB} = {8AD2A324-DAB5-4380-94A5-31F7D817C384}
		{CA276939-8071-4734-9FE4-ADC825B72116} = {B70945F4-01A6-4351-955B-C4A2943B5E3B}
		{E0CD7A0A-116D-4612-83BE-0DE036DADDF1} = {8AD2A324-DAB5-4380-94A5-31F7D817C384}
		{47D87BAA-D779-41A4-BC08-496EA36DC394} = {8AD2A324-DAB5-4380-94A5-31F7D817C384}
		{F75E1C38-B407-4040-94B0-1AE07C05D6EE} = {8AD2A324-DAB5-4380-94A5-31F7D817C384}
		{6E6F2E4B-DAF7-46B9-8589-045237AD65CE} = {8AD2A324-DAB5-4380-94A5-31F7D817C384}
		{3670CFEA-068C-497A-8123-E149820F02DC} = {8AD2A324-DAB5-4380-94A5-31F7D817C384}
		{CF5D97F8-DE8F-4965-923D-82CA40CC9E49} = {8AD2A324-DAB5-4380-94A5-31F7D817C384}
		{561B1075-FA22-4D4E-881B-366230423B2D} = {8AD2A324-DAB5-4380-94A5-31F7D817C384}
		{7650CF08-00B4-419B-8AF9-26E4079F08F2} = {8AD2A324-DAB5-4380-94A5-31F7D817C384}
		{8FEF74DC-94A5-4E20-9BE2-095941935EC4} = {8AD2A324-DAB5-4380-94A5-31F7D817C384}
		{C74D5E00-8BE4-4C99-8A59-9D58D255C140} = {CCD9FF99-E177-446E-B9E5-9F570FD96A34}
		{85781F6A-28D8-4850-A991-51157E5DF46E} = {CCD9FF99-E177-446E-B9E5-9F570FD96A34}
		{8DFE583A-60D6-4014-A95A-01AAE8D35A0E} = {8AD2A324-DAB5-4380-94A5-31F7D817C384}
		{4AB4CF95-DAE6-4B64-9DC5-5F0633FABD56} = {B70945F4-01A6-4351-955B-C4A2943B5E3B}
		{B4F674D7-F073-4E21-ABE2-159C1CD86109} = {8AD2A324-DAB5-4380-94A5-31F7D817C384}
		{5C155AA9-614E-4419-8778-32A56593233A} = {8AD2A324-DAB5-4380-94A5-31F7D817C384}
		{8F95C81A-A429-4ABE-987D-E850DCFC0B69} = {CCD9FF99-E177-446E-B9E5-9F570FD96A34}
		{83A62677-D82C-49A6-92E9-0D188C941A02} = {CCD9FF99-E177-446E-B9E5-9F570FD96A34}
		{0EAE32B6-97C9-43C8-ABA5-8C0BAD9ED864} = {8AD2A324-DAB5-4380-94A5-31F7D817C384}
		{D4DD763B-5246-47F4-A618-211AA820B65E} = {8AD2A324-DAB5-4380-94A5-31F7D817C384}
		{72816760-BDE2-4CAF-AF41-F7BEE8E26158} = {B70945F4-01A6-4351-955B-C4A2943B5E3B}
		{0BEB2EE3-DBC3-4DC4-BB01-141DBFFED8D2} = {CCD9FF99-E177-446E-B9E5-9F570FD96A34}
		{5429C3A8-3429-43EA-BA05-E347CB4D1F61} = {CCD9FF99-E177-446E-B9E5-9F570FD96A34}
		{6D06503C-E79B-4F05-AFE1-C25386220895} = {8AD2A324-DAB5-4380-94A5-31F7D817C384}
		{E8129D0B-4FBD-40B9-BCF3-A42D7B0871F3} = {8AD2A324-DAB5-4380-94A5-31F7D817C384}
		{846969F7-A5CA-44B5-A6EC-3BEC2B49316C} = {8AD2A324-DAB5-4380-94A5-31F7D817C384}
		{664DB736-7EF8-4DCA-9EB7-7AB1CF515BF7} = {B70945F4-01A6-4351-955B-C4A2943B5E3B}
		{616C8BE1-11E6-4C40-A8D6-499BC14F7EAC} = {B70945F4-01A6-4351-955B-C4A2943B5E3B}
	EndGlobalSection
	GlobalSection(ExtensibilityGlobals) = postSolution
		SolutionGuid = {562bbd07-1817-4af5-ab66-8837cf849248}
		RESX_SortFileContentOnSave = True
	EndGlobalSection
EndGlobal
